// !$*UTF8*$!
{
	archiveVersion = 1;
	classes = {
	};
	objectVersion = 46;
	objects = {

/* Begin PBXBuildFile section */
		54EB9ABC1963C79C0079FC90 /* AppDelegate.swift in Sources */ = {isa = PBXBuildFile; fileRef = 54EB9ABB1963C79C0079FC90 /* AppDelegate.swift */; };
		54EB9ABE1963C79C0079FC90 /* ViewController.swift in Sources */ = {isa = PBXBuildFile; fileRef = 54EB9ABD1963C79C0079FC90 /* ViewController.swift */; };
		54EB9AC11963C79C0079FC90 /* Main.storyboard in Resources */ = {isa = PBXBuildFile; fileRef = 54EB9ABF1963C79C0079FC90 /* Main.storyboard */; };
		54EB9AC31963C79C0079FC90 /* Images.xcassets in Resources */ = {isa = PBXBuildFile; fileRef = 54EB9AC21963C79C0079FC90 /* Images.xcassets */; };
		54EB9ACF1963C79C0079FC90 /* ScrollViewExampleTests.swift in Sources */ = {isa = PBXBuildFile; fileRef = 54EB9ACE1963C79C0079FC90 /* ScrollViewExampleTests.swift */; };
/* End PBXBuildFile section */

/* Begin PBXContainerItemProxy section */
		54EB9AC91963C79C0079FC90 /* PBXContainerItemProxy */ = {
			isa = PBXContainerItemProxy;
			containerPortal = 54EB9AAE1963C79C0079FC90 /* Project object */;
			proxyType = 1;
			remoteGlobalIDString = 54EB9AB51963C79C0079FC90;
			remoteInfo = ScrollViewExample;
		};
/* End PBXContainerItemProxy section */

/* Begin PBXFileReference section */
		54EB9AB61963C79C0079FC90 /* ScrollViewExample.app */ = {isa = PBXFileReference; explicitFileType = wrapper.application; includeInIndex = 0; path = ScrollViewExample.app; sourceTree = BUILT_PRODUCTS_DIR; };
		54EB9ABA1963C79C0079FC90 /* Info.plist */ = {isa = PBXFileReference; lastKnownFileType = text.plist.xml; path = Info.plist; sourceTree = "<group>"; };
		54EB9ABB1963C79C0079FC90 /* AppDelegate.swift */ = {isa = PBXFileReference; lastKnownFileType = sourcecode.swift; path = AppDelegate.swift; sourceTree = "<group>"; };
		54EB9ABD1963C79C0079FC90 /* ViewController.swift */ = {isa = PBXFileReference; lastKnownFileType = sourcecode.swift; path = ViewController.swift; sourceTree = "<group>"; };
		54EB9AC01963C79C0079FC90 /* Base */ = {isa = PBXFileReference; lastKnownFileType = file.storyboard; name = Base; path = Base.lproj/Main.storyboard; sourceTree = "<group>"; };
		54EB9AC21963C79C0079FC90 /* Images.xcassets */ = {isa = PBXFileReference; lastKnownFileType = folder.assetcatalog; path = Images.xcassets; sourceTree = "<group>"; };
		54EB9AC81963C79C0079FC90 /* ScrollViewExampleTests.xctest */ = {isa = PBXFileReference; explicitFileType = wrapper.cfbundle; includeInIndex = 0; path = ScrollViewExampleTests.xctest; sourceTree = BUILT_PRODUCTS_DIR; };
		54EB9ACD1963C79C0079FC90 /* Info.plist */ = {isa = PBXFileReference; lastKnownFileType = text.plist.xml; path = Info.plist; sourceTree = "<group>"; };
		54EB9ACE1963C79C0079FC90 /* ScrollViewExampleTests.swift */ = {isa = PBXFileReference; lastKnownFileType = sourcecode.swift; path = ScrollViewExampleTests.swift; sourceTree = "<group>"; };
/* End PBXFileReference section */

/* Begin PBXFrameworksBuildPhase section */
		54EB9AB31963C79C0079FC90 /* Frameworks */ = {
			isa = PBXFrameworksBuildPhase;
			buildActionMask = 2147483647;
			files = (
			);
			runOnlyForDeploymentPostprocessing = 0;
		};
		54EB9AC51963C79C0079FC90 /* Frameworks */ = {
			isa = PBXFrameworksBuildPhase;
			buildActionMask = 2147483647;
			files = (
			);
			runOnlyForDeploymentPostprocessing = 0;
		};
/* End PBXFrameworksBuildPhase section */

/* Begin PBXGroup section */
		54EB9AAD1963C79C0079FC90 = {
			isa = PBXGroup;
			children = (
				54EB9AB81963C79C0079FC90 /* ScrollViewExample */,
				54EB9ACB1963C79C0079FC90 /* ScrollViewExampleTests */,
				54EB9AB71963C79C0079FC90 /* Products */,
			);
			sourceTree = "<group>";
		};
		54EB9AB71963C79C0079FC90 /* Products */ = {
			isa = PBXGroup;
			children = (
				54EB9AB61963C79C0079FC90 /* ScrollViewExample.app */,
				54EB9AC81963C79C0079FC90 /* ScrollViewExampleTests.xctest */,
			);
			name = Products;
			sourceTree = "<group>";
		};
		54EB9AB81963C79C0079FC90 /* ScrollViewExample */ = {
			isa = PBXGroup;
			children = (
				54EB9ABB1963C79C0079FC90 /* AppDelegate.swift */,
				54EB9ABD1963C79C0079FC90 /* ViewController.swift */,
				54EB9ABF1963C79C0079FC90 /* Main.storyboard */,
				54EB9AC21963C79C0079FC90 /* Images.xcassets */,
				54EB9AB91963C79C0079FC90 /* Supporting Files */,
			);
			path = ScrollViewExample;
			sourceTree = "<group>";
		};
		54EB9AB91963C79C0079FC90 /* Supporting Files */ = {
			isa = PBXGroup;
			children = (
				54EB9ABA1963C79C0079FC90 /* Info.plist */,
			);
			name = "Supporting Files";
			sourceTree = "<group>";
		};
		54EB9ACB1963C79C0079FC90 /* ScrollViewExampleTests */ = {
			isa = PBXGroup;
			children = (
				54EB9ACE1963C79C0079FC90 /* ScrollViewExampleTests.swift */,
				54EB9ACC1963C79C0079FC90 /* Supporting Files */,
			);
			path = ScrollViewExampleTests;
			sourceTree = "<group>";
		};
		54EB9ACC1963C79C0079FC90 /* Supporting Files */ = {
			isa = PBXGroup;
			children = (
				54EB9ACD1963C79C0079FC90 /* Info.plist */,
			);
			name = "Supporting Files";
			sourceTree = "<group>";
		};
/* End PBXGroup section */

/* Begin PBXNativeTarget section */
		54EB9AB51963C79C0079FC90 /* ScrollViewExample */ = {
			isa = PBXNativeTarget;
			buildConfigurationList = 54EB9AD21963C79C0079FC90 /* Build configuration list for PBXNativeTarget "ScrollViewExample" */;
			buildPhases = (
				54EB9AB21963C79C0079FC90 /* Sources */,
				54EB9AB31963C79C0079FC90 /* Frameworks */,
				54EB9AB41963C79C0079FC90 /* Resources */,
			);
			buildRules = (
			);
			dependencies = (
			);
			name = ScrollViewExample;
			productName = ScrollViewExample;
			productReference = 54EB9AB61963C79C0079FC90 /* ScrollViewExample.app */;
			productType = "com.apple.product-type.application";
		};
		54EB9AC71963C79C0079FC90 /* ScrollViewExampleTests */ = {
			isa = PBXNativeTarget;
			buildConfigurationList = 54EB9AD51963C79C0079FC90 /* Build configuration list for PBXNativeTarget "ScrollViewExampleTests" */;
			buildPhases = (
				54EB9AC41963C79C0079FC90 /* Sources */,
				54EB9AC51963C79C0079FC90 /* Frameworks */,
				54EB9AC61963C79C0079FC90 /* Resources */,
			);
			buildRules = (
			);
			dependencies = (
				54EB9ACA1963C79C0079FC90 /* PBXTargetDependency */,
			);
			name = ScrollViewExampleTests;
			productName = ScrollViewExampleTests;
			productReference = 54EB9AC81963C79C0079FC90 /* ScrollViewExampleTests.xctest */;
			productType = "com.apple.product-type.bundle.unit-test";
		};
/* End PBXNativeTarget section */

/* Begin PBXProject section */
		54EB9AAE1963C79C0079FC90 /* Project object */ = {
			isa = PBXProject;
			attributes = {
				LastUpgradeCheck = 0600;
				ORGANIZATIONNAME = "Maciej Scisłowski";
				TargetAttributes = {
					54EB9AB51963C79C0079FC90 = {
						CreatedOnToolsVersion = 6.0;
					};
					54EB9AC71963C79C0079FC90 = {
						CreatedOnToolsVersion = 6.0;
						TestTargetID = 54EB9AB51963C79C0079FC90;
					};
				};
			};
			buildConfigurationList = 54EB9AB11963C79C0079FC90 /* Build configuration list for PBXProject "ScrollViewExample" */;
			compatibilityVersion = "Xcode 3.2";
			developmentRegion = English;
			hasScannedForEncodings = 0;
			knownRegions = (
				en,
				Base,
			);
			mainGroup = 54EB9AAD1963C79C0079FC90;
			productRefGroup = 54EB9AB71963C79C0079FC90 /* Products */;
			projectDirPath = "";
			projectRoot = "";
			targets = (
				54EB9AB51963C79C0079FC90 /* ScrollViewExample */,
				54EB9AC71963C79C0079FC90 /* ScrollViewExampleTests */,
			);
		};
/* End PBXProject section */

/* Begin PBXResourcesBuildPhase section */
		54EB9AB41963C79C0079FC90 /* Resources */ = {
			isa = PBXResourcesBuildPhase;
			buildActionMask = 2147483647;
			files = (
				54EB9AC11963C79C0079FC90 /* Main.storyboard in Resources */,
				54EB9AC31963C79C0079FC90 /* Images.xcassets in Resources */,
			);
			runOnlyForDeploymentPostprocessing = 0;
		};
		54EB9AC61963C79C0079FC90 /* Resources */ = {
			isa = PBXResourcesBuildPhase;
			buildActionMask = 2147483647;
			files = (
			);
			runOnlyForDeploymentPostprocessing = 0;
		};
/* End PBXResourcesBuildPhase section */

/* Begin PBXSourcesBuildPhase section */
		54EB9AB21963C79C0079FC90 /* Sources */ = {
			isa = PBXSourcesBuildPhase;
			buildActionMask = 2147483647;
			files = (
				54EB9ABE1963C79C0079FC90 /* ViewController.swift in Sources */,
				54EB9ABC1963C79C0079FC90 /* AppDelegate.swift in Sources */,
			);
			runOnlyForDeploymentPostprocessing = 0;
		};
		54EB9AC41963C79C0079FC90 /* Sources */ = {
			isa = PBXSourcesBuildPhase;
			buildActionMask = 2147483647;
			files = (
				54EB9ACF1963C79C0079FC90 /* ScrollViewExampleTests.swift in Sources */,
			);
			runOnlyForDeploymentPostprocessing = 0;
		};
/* End PBXSourcesBuildPhase section */

/* Begin PBXTargetDependency section */
		54EB9ACA1963C79C0079FC90 /* PBXTargetDependency */ = {
			isa = PBXTargetDependency;
			target = 54EB9AB51963C79C0079FC90 /* ScrollViewExample */;
			targetProxy = 54EB9AC91963C79C0079FC90 /* PBXContainerItemProxy */;
		};
/* End PBXTargetDependency section */

/* Begin PBXVariantGroup section */
		54EB9ABF1963C79C0079FC90 /* Main.storyboard */ = {
			isa = PBXVariantGroup;
			children = (
				54EB9AC01963C79C0079FC90 /* Base */,
			);
			name = Main.storyboard;
			sourceTree = "<group>";
		};
/* End PBXVariantGroup section */

/* Begin XCBuildConfiguration section */
		54EB9AD01963C79C0079FC90 /* Debug */ = {
			isa = XCBuildConfiguration;
			buildSettings = {
				ALWAYS_SEARCH_USER_PATHS = NO;
				CLANG_CXX_LANGUAGE_STANDARD = "gnu++0x";
				CLANG_CXX_LIBRARY = "libc++";
				CLANG_ENABLE_MODULES = YES;
				CLANG_ENABLE_OBJC_ARC = YES;
				CLANG_WARN_BOOL_CONVERSION = YES;
				CLANG_WARN_CONSTANT_CONVERSION = YES;
				CLANG_WARN_DIRECT_OBJC_ISA_USAGE = YES_ERROR;
				CLANG_WARN_EMPTY_BODY = YES;
				CLANG_WARN_ENUM_CONVERSION = YES;
				CLANG_WARN_INT_CONVERSION = YES;
				CLANG_WARN_OBJC_ROOT_CLASS = YES_ERROR;
				CLANG_WARN_UNREACHABLE_CODE = YES;
				CLANG_WARN__DUPLICATE_METHOD_MATCH = YES;
				"CODE_SIGN_IDENTITY[sdk=iphoneos*]" = "iPhone Developer";
				COPY_PHASE_STRIP = NO;
				ENABLE_STRICT_OBJC_MSGSEND = YES;
				GCC_C_LANGUAGE_STANDARD = gnu99;
				GCC_DYNAMIC_NO_PIC = NO;
				GCC_OPTIMIZATION_LEVEL = 0;
				GCC_PREPROCESSOR_DEFINITIONS = (
					"DEBUG=1",
					"$(inherited)",
				);
				GCC_SYMBOLS_PRIVATE_EXTERN = NO;
				GCC_WARN_64_TO_32_BIT_CONVERSION = YES;
				GCC_WARN_ABOUT_RETURN_TYPE = YES_ERROR;
				GCC_WARN_UNDECLARED_SELECTOR = YES;
				GCC_WARN_UNINITIALIZED_AUTOS = YES_AGGRESSIVE;
				GCC_WARN_UNUSED_FUNCTION = YES;
				GCC_WARN_UNUSED_VARIABLE = YES;
				IPHONEOS_DEPLOYMENT_TARGET = 8.0;
				METAL_ENABLE_DEBUG_INFO = YES;
				ONLY_ACTIVE_ARCH = YES;
				SDKROOT = iphoneos;
				SWIFT_OPTIMIZATION_LEVEL = "-Onone";
			};
			name = Debug;
		};
		54EB9AD11963C79C0079FC90 /* Release */ = {
			isa = XCBuildConfiguration;
			buildSettings = {
				ALWAYS_SEARCH_USER_PATHS = NO;
				CLANG_CXX_LANGUAGE_STANDARD = "gnu++0x";
				CLANG_CXX_LIBRARY = "libc++";
				CLANG_ENABLE_MODULES = YES;
				CLANG_ENABLE_OBJC_ARC = YES;
				CLANG_WARN_BOOL_CONVERSION = YES;
				CLANG_WARN_CONSTANT_CONVERSION = YES;
				CLANG_WARN_DIRECT_OBJC_ISA_USAGE = YES_ERROR;
				CLANG_WARN_EMPTY_BODY = YES;
				CLANG_WARN_ENUM_CONVERSION = YES;
				CLANG_WARN_INT_CONVERSION = YES;
				CLANG_WARN_OBJC_ROOT_CLASS = YES_ERROR;
				CLANG_WARN_UNREACHABLE_CODE = YES;
				CLANG_WARN__DUPLICATE_METHOD_MATCH = YES;
				"CODE_SIGN_IDENTITY[sdk=iphoneos*]" = "iPhone Developer";
				COPY_PHASE_STRIP = YES;
				ENABLE_NS_ASSERTIONS = NO;
				ENABLE_STRICT_OBJC_MSGSEND = YES;
				GCC_C_LANGUAGE_STANDARD = gnu99;
				GCC_WARN_64_TO_32_BIT_CONVERSION = YES;
				GCC_WARN_ABOUT_RETURN_TYPE = YES_ERROR;
				GCC_WARN_UNDECLARED_SELECTOR = YES;
				GCC_WARN_UNINITIALIZED_AUTOS = YES_AGGRESSIVE;
				GCC_WARN_UNUSED_FUNCTION = YES;
				GCC_WARN_UNUSED_VARIABLE = YES;
				IPHONEOS_DEPLOYMENT_TARGET = 8.0;
				METAL_ENABLE_DEBUG_INFO = NO;
				SDKROOT = iphoneos;
				VALIDATE_PRODUCT = YES;
			};
			name = Release;
		};
		54EB9AD31963C79C0079FC90 /* Debug */ = {
			isa = XCBuildConfiguration;
			buildSettings = {
				ASSETCATALOG_COMPILER_APPICON_NAME = AppIcon;
				ASSETCATALOG_COMPILER_LAUNCHIMAGE_NAME = LaunchImage;
				INFOPLIST_FILE = ScrollViewExample/Info.plist;
				LD_RUNPATH_SEARCH_PATHS = "$(inherited) @executable_path/Frameworks";
				PRODUCT_NAME = "$(TARGET_NAME)";
			};
			name = Debug;
		};
		54EB9AD41963C79C0079FC90 /* Release */ = {
			isa = XCBuildConfiguration;
			buildSettings = {
				ASSETCATALOG_COMPILER_APPICON_NAME = AppIcon;
				ASSETCATALOG_COMPILER_LAUNCHIMAGE_NAME = LaunchImage;
				INFOPLIST_FILE = ScrollViewExample/Info.plist;
				LD_RUNPATH_SEARCH_PATHS = "$(inherited) @executable_path/Frameworks";
				PRODUCT_NAME = "$(TARGET_NAME)";
			};
			name = Release;
		};
		54EB9AD61963C79C0079FC90 /* Debug */ = {
			isa = XCBuildConfiguration;
			buildSettings = {
				BUNDLE_LOADER = "$(BUILT_PRODUCTS_DIR)/ScrollViewExample.app/ScrollViewExample";
				FRAMEWORK_SEARCH_PATHS = (
					"$(SDKROOT)/Developer/Library/Frameworks",
					"$(inherited)",
				);
				GCC_PREPROCESSOR_DEFINITIONS = (
					"DEBUG=1",
					"$(inherited)",
				);
				INFOPLIST_FILE = ScrollViewExampleTests/Info.plist;
				LD_RUNPATH_SEARCH_PATHS = "$(inherited) @executable_path/Frameworks @loader_path/Frameworks";
				METAL_ENABLE_DEBUG_INFO = YES;
				PRODUCT_NAME = "$(TARGET_NAME)";
				TEST_HOST = "$(BUNDLE_LOADER)";
			};
			name = Debug;
		};
		54EB9AD71963C79C0079FC90 /* Release */ = {
			isa = XCBuildConfiguration;
			buildSettings = {
				BUNDLE_LOADER = "$(BUILT_PRODUCTS_DIR)/ScrollViewExample.app/ScrollViewExample";
				FRAMEWORK_SEARCH_PATHS = (
					"$(SDKROOT)/Developer/Library/Frameworks",
					"$(inherited)",
				);
				INFOPLIST_FILE = ScrollViewExampleTests/Info.plist;
				LD_RUNPATH_SEARCH_PATHS = "$(inherited) @executable_path/Frameworks @loader_path/Frameworks";
				METAL_ENABLE_DEBUG_INFO = NO;
				PRODUCT_NAME = "$(TARGET_NAME)";
				TEST_HOST = "$(BUNDLE_LOADER)";
			};
			name = Release;
		};
/* End XCBuildConfiguration section */

/* Begin XCConfigurationList section */
		54EB9AB11963C79C0079FC90 /* Build configuration list for PBXProject "ScrollViewExample" */ = {
			isa = XCConfigurationList;
			buildConfigurations = (
				54EB9AD01963C79C0079FC90 /* Debug */,
				54EB9AD11963C79C0079FC90 /* Release */,
			);
			defaultConfigurationIsVisible = 0;
			defaultConfigurationName = Release;
		};
		54EB9AD21963C79C0079FC90 /* Build configuration list for PBXNativeTarget "ScrollViewExample" */ = {
			isa = XCConfigurationList;
			buildConfigurations = (
				54EB9AD31963C79C0079FC90 /* Debug */,
				54EB9AD41963C79C0079FC90 /* Release */,
			);
			defaultConfigurationIsVisible = 0;
		};
		54EB9AD51963C79C0079FC90 /* Build configuration list for PBXNativeTarget "ScrollViewExampleTests" */ = {
			isa = XCConfigurationList;
			buildConfigurations = (
				54EB9AD61963C79C0079FC90 /* Debug */,
				54EB9AD71963C79C0079FC90 /* Release */,
			);
			defaultConfigurationIsVisible = 0;
		};
/* End XCConfigurationList section */
	};
	rootObject = 54EB9AAE1963C79C0079FC90 /* Project object */;
}
